
Microsoft Visual Studio Solution File, Format Version 12.00
# Visual Studio Version 17
VisualStudioVersion = 17.14.36705.20 d17.14
MinimumVisualStudioVersion = 10.0.40219.1
Project("{FAE04EC0-301F-11D3-BF4B-00C04F79EFBC}") = "LIT_RFID_ENCODING_OCTANE", "LIT_RFID_ENCODING_OCTANE.csproj", "{9A317971-EC76-4347-9539-890D0E6CB220}"
EndProject
Global
	GlobalSection(SolutionConfigurationPlatforms) = preSolution
		Debug|Any CPU = Debug|Any CPU
		Release|Any CPU = Release|Any CPU
	EndGlobalSection
	GlobalSection(ProjectConfigurationPlatforms) = postSolution
		{9A317971-EC76-4347-9539-890D0E6CB220}.Debug|Any CPU.ActiveCfg = Debug|Any CPU
		{9A317971-EC76-4347-9539-890D0E6CB220}.Debug|Any CPU.Build.0 = Debug|Any CPU
		{9A317971-EC76-4347-9539-890D0E6CB220}.Release|Any CPU.ActiveCfg = Release|Any CPU
		{9A317971-EC76-4347-9539-890D0E6CB220}.Release|Any CPU.Build.0 = Release|Any CPU
	EndGlobalSection
	GlobalSection(SolutionProperties) = preSolution
		HideSolutionNode = FALSE
	EndGlobalSection
	GlobalSection(ExtensibilityGlobals) = postSolution
		SolutionGuid = {73D9D04A-5864-40BC-8866-B5BE32D0330E}
	EndGlobalSection
EndGlobal
