
Microsoft Visual Studio Solution File, Format Version 12.00
# Visual Studio Version 17
VisualStudioVersion = 17.14.36518.9 d17.14
MinimumVisualStudioVersion = 10.0.40219.1
Project("{FAE04EC0-301F-11D3-BF4B-00C04F79EFBC}") = "LIT_RFID_ENCODING_2.0.0", "LIT_RFID_ENCODING_2.0.0.csproj", "{FAC31559-5D20-44E8-882F-D8723CC7B2C2}"
EndProject
Global
	GlobalSection(SolutionConfigurationPlatforms) = preSolution
		Debug|Any CPU = Debug|Any CPU
		Release|Any CPU = Release|Any CPU
	EndGlobalSection
	GlobalSection(ProjectConfigurationPlatforms) = postSolution
		{FAC31559-5D20-44E8-882F-D8723CC7B2C2}.Debug|Any CPU.ActiveCfg = Debug|Any CPU
		{FAC31559-5D20-44E8-882F-D8723CC7B2C2}.Debug|Any CPU.Build.0 = Debug|Any CPU
		{FAC31559-5D20-44E8-882F-D8723CC7B2C2}.Release|Any CPU.ActiveCfg = Release|Any CPU
		{FAC31559-5D20-44E8-882F-D8723CC7B2C2}.Release|Any CPU.Build.0 = Release|Any CPU
	EndGlobalSection
	GlobalSection(SolutionProperties) = preSolution
		HideSolutionNode = FALSE
	EndGlobalSection
	GlobalSection(ExtensibilityGlobals) = postSolution
		SolutionGuid = {2EDAB802-7615-4F8F-BC2F-2B23B5E308F0}
	EndGlobalSection
EndGlobal
